github.com/AaronO/go-git-http v0.0.0-20161214145340-1d9485b3a98f/go.mod h1:+6Yuq73F9068Na+mSBNXCvyuxvgw4f/g5ii40e3U8Sc=
github.com/cznic/mathutil v0.0.0-20181122101859-297441e03548 h1:iwZdTE0PVqJCos1vaoKsclOGD3ADKpshg3SRtYBbwso=
github.com/cznic/mathutil v0.0.0-20181122101859-297441e03548/go.mod h1:e6NPNENfs9mPDVNRekM7lKScauxd5kXTr1Mfyig6TDM=
github.com/go-sql-driver/mysql v1.5.0 h1:ozyZYNQW3x3HtqT1jira07DN2PArx2v7/mN66gGcHOs=
github.com/go-sql-driver/mysql v1.5.0/go.mod h1:DCzpHaOWr8IXmIStZouvnhqoel9Qv2LBy8hT2VhHyBg=
github.com/konsorten/go-windows-terminal-sequences v1.0.2 h1:DB17ag19krx9CFsz4o3enTrPXyIXCl+2iCXH/aMAp9s=
github.com/konsorten/go-windows-terminal-sequences v1.0.2/go.mod h1:T0+1ngSBFLxvqU3pZ+m/2kptfBszLMUkC4ZK/EgS/cQ=
github.com/konsorten/go-windows-terminal-sequences v1.0.3 h1:CE8S1cTafDpPvMhIxNJKvHsGVBgn1xWYf1NbHQhywc8=
github.com/konsorten/go-windows-terminal-sequences v1.0.3/go.mod h1:T0+1ngSBFLxvqU3pZ+m/2kptfBszLMUkC4ZK/EgS/cQ=
github.com/remyoudompheng/bigfft v0.0.0-20190728182440-6a916e37a237 h1:HQagqIiBmr8YXawX/le3+O26N+vPPC1PtjaF3mwnook=
github.com/remyoudompheng/bigfft v0.0.0-20190728182440-6a916e37a237/go.mod h1:qqbHyh8v60DhA7CoWK5oRCqLrMHRGoxYCSS9EjAz6Eo=
golang.org/x/crypto v0.0.0-20190308221718-c2843e01d9a2/go.mod h1:djNgcEr1/C05ACkg1iLfiJU5Ep61QUkGW8qpdssI0+w=
golang.org/x/net v0.0.0-20200301022130-244492dfa37a h1:GuSPYbZzB5/dcLNCwLQLsg3obCJtX9IJhpXkvY7kzk0=
golang.org/x/net v0.0.0-20200301022130-244492dfa37a/go.mod h1:z5CRVTTTmAJ677TzLLGU+0bjPO0LkuOLi4/5GtJWs/s=
golang.org/x/sys v0.0.0-20190215142949-d0b11bdaac8a/go.mod h1:STP8DvDyc/dI5b8T5hshtkjS+E42TnysNCUPdjciGhY=
golang.org/x/text v0.3.0/go.mod h1:NqM8EUOU14njkJ3fqMW+pc6Ldnwhi/IjpwHt7yyuwOQ=
ztaylor.me/cast v0.0.11 h1:p1SUbuHQ/mfpjckRXMu/e/6nzNPiZc2Z8aidJdr4LHg=
ztaylor.me/cast v0.0.11/go.mod h1:p8ZQLnJl3eztST7dVCtbgRUbmxBzgNLW7pPFYTtwTEE=
ztaylor.me/db v0.0.11 h1:mg/PPRY758hKjZC1Uv3sDXWXPmbAdFYuNBLSm6IZuzc=
ztaylor.me/db v0.0.11/go.mod h1:0nqTpxRgq5/WvyHFNGqBvbz2Ro+TIUJZkO6UTIPLc1Y=
ztaylor.me/env v0.0.3 h1:SN7M3QmsKfIUuy5T6ywET6IakS1tt0DKoPn5Dti7YRY=
ztaylor.me/env v0.0.3/go.mod h1:DkIjq922DQ15hEScmkm0LW5dwHAMGKniFkh/+s9ctpc=
ztaylor.me/http v0.0.15-0.20200418213530-581fd094246a h1:pSmeadIcbbtjROWQtm8kwFXxndXnd0qCXUm5brt07ro=
ztaylor.me/http v0.0.15-0.20200418213530-581fd094246a/go.mod h1:Sr4nj894ynrBh8Tj26qG8Frym7G5whJmvBFpXXTsmtU=
ztaylor.me/http v0.0.15-0.20200426024736-a03d65d28d55 h1:5qcMNDFYK0V3q2OyWR8ZmjxSlZJ+1zAeAZY7G4HLauQ=
ztaylor.me/http v0.0.15-0.20200426024736-a03d65d28d55/go.mod h1:Sr4nj894ynrBh8Tj26qG8Frym7G5whJmvBFpXXTsmtU=
ztaylor.me/http v0.0.15-0.20200426025805-a7abbac014a6 h1:zr2Hpo3Sow2uAD9jokPVsidEG7i6BTCLwImcg5hp/Us=
ztaylor.me/http v0.0.15-0.20200426025805-a7abbac014a6/go.mod h1:Sr4nj894ynrBh8Tj26qG8Frym7G5whJmvBFpXXTsmtU=
ztaylor.me/http v0.0.16 h1:ZSYMMsXtJAkdOosRZDXswfcRVW1gM2e5NyTp0YNWUEA=
ztaylor.me/http v0.0.16/go.mod h1:Sr4nj894ynrBh8Tj26qG8Frym7G5whJmvBFpXXTsmtU=
ztaylor.me/keygen v0.0.6 h1:IHYomrNYNN9akYIJRW1zatnsdANlfzSDjGh7SHVKgAk=
ztaylor.me/keygen v0.0.6/go.mod h1:6dzAeovTsa5Ju+QEmaySCpISlLit74X1wYxRiIeShKg=
ztaylor.me/log v0.0.9 h1:heIc2jiZ8VcSAnOzO8wRuYUo2HTc6LvxDMsbNBIdkPw=
ztaylor.me/log v0.0.9/go.mod h1:+NX5JLnk/4yJl4FDmBeRgNcnS8Y5rk6Y5N5LP4EskGk=
ztaylor.me/log v0.0.10 h1:jsc7cgg2W0dryM5iPT+gmqGK/n9X/fzXno3gtQZBCxM=
ztaylor.me/log v0.0.10/go.mod h1:+NX5JLnk/4yJl4FDmBeRgNcnS8Y5rk6Y5N5LP4EskGk=
