github.com/cznic/mathutil v0.0.0-20181122101859-297441e03548 h1:iwZdTE0PVqJCos1vaoKsclOGD3ADKpshg3SRtYBbwso=
github.com/cznic/mathutil v0.0.0-20181122101859-297441e03548/go.mod h1:e6NPNENfs9mPDVNRekM7lKScauxd5kXTr1Mfyig6TDM=
github.com/go-sql-driver/mysql v1.6.0 h1:BCTh4TKNUYmOmMUcQ3IipzF5prigylS7XXjEkfCHuOE=
github.com/go-sql-driver/mysql v1.6.0/go.mod h1:DCzpHaOWr8IXmIStZouvnhqoel9Qv2LBy8hT2VhHyBg=
github.com/nine-lives-later/go-windows-terminal-sequences v1.0.4 h1:NC4H8hewgaktBqMI5yzy6L/Vln5/H7BEziyxaE2fX3Y=
github.com/nine-lives-later/go-windows-terminal-sequences v1.0.4/go.mod h1:eUQxpEiJy001RoaLXrNa5+QQLYiEgmEafwWuA3ppJSo=
github.com/remyoudompheng/bigfft v0.0.0-20200410134404-eec4a21b6bb0 h1:OdAsTTz6OkFY5QxjkYwrChwuRruF69c169dPK26NUlk=
github.com/remyoudompheng/bigfft v0.0.0-20200410134404-eec4a21b6bb0/go.mod h1:qqbHyh8v60DhA7CoWK5oRCqLrMHRGoxYCSS9EjAz6Eo=
golang.org/x/net v0.0.0-20211020060615-d418f374d309 h1:A0lJIi+hcTR6aajJH4YqKWwohY4aW9RO7oRMcdv+HKI=
golang.org/x/net v0.0.0-20211020060615-d418f374d309/go.mod h1:9nx3DQGgdP8bBQD5qxJ1jj9UTztislL4KSBs9R2vV5Y=
golang.org/x/sys v0.0.0-20201119102817-f84b799fce68/go.mod h1:h1NjWce9XRLGQEsW7wpKNCjG9DtNlClVuFLEZdDNbEs=
golang.org/x/sys v0.0.0-20210423082822-04245dca01da/go.mod h1:h1NjWce9XRLGQEsW7wpKNCjG9DtNlClVuFLEZdDNbEs=
golang.org/x/term v0.0.0-20201126162022-7de9c90e9dd1/go.mod h1:bj7SfCRtBDWHUb9snDiAeCFNEtKQo2Wmx5Cou7ajbmo=
golang.org/x/text v0.3.6/go.mod h1:5Zoc/QRtKVWzQhOtBMvqHzDpF6irO9z98xDceosuGiQ=
golang.org/x/tools v0.0.0-20180917221912-90fa682c2a6e/go.mod h1:n7NCudcB/nEzxVGmLbDWY5pfWTLqBcC2KZ6jyYvM4mQ=
taylz.io/db v0.0.0-20210603212451-7bf2504f3b81 h1:TZsm08QQl4NIW+7iZtWZqiK65XnwtVJv6U+V94Mz53k=
taylz.io/db v0.0.0-20210603212451-7bf2504f3b81/go.mod h1:3/1S45RLhWgYv5sTjlsAC+P5TeYh/Z2dhxE4wJLkSOU=
taylz.io/env v0.0.1 h1:45sxSWIQmc3KRcIw1xT5/L8F5Q8hrcz+agiJc+Ttr1o=
taylz.io/env v0.0.1/go.mod h1:t4uBNWvftzSXAOb+JuCj80aI/vi/zExVh8Q1bcplWQ0=
taylz.io/http v0.0.0-20211021000000-5e74ac02e26c h1:UHJMRLmKc/FkJ2/iJOFuhAXzy31HGYceVUzy10duADU=
taylz.io/http v0.0.0-20211021000000-5e74ac02e26c/go.mod h1:no9uFcZavOAi3DO5csM5VkPHX0m/r1rgl5gNKPSqT9Y=
taylz.io/keygen v0.0.0-20210622000548-e0f9b3decbcb h1:m9qympnoJjjiVZG05lomPBWCJkVHJCYb5rcRiO4wRgY=
taylz.io/keygen v0.0.0-20210622000548-e0f9b3decbcb/go.mod h1:m47Mb55Ba8UxzDpPdTyQneVQWdPE4p5lz4uAK3zLcd0=
taylz.io/log v0.0.0-20210627030701-484b89f7c184 h1:psUI18lI4IL+T04XXKonjhEpisBNAw39f3FIDOGOQs8=
taylz.io/log v0.0.0-20210627030701-484b89f7c184/go.mod h1:rzPTXefMPW2OHftL8bQzjLB5k++hwP7iy1H9Ca+0ZGU=
taylz.io/types v0.0.6-0.20210603204610-1fd5c4714bf6 h1:4UCPjKEne99xhIymURpcQNa3VkYgXw4q8Uhco1LGM4w=
taylz.io/types v0.0.6-0.20210603204610-1fd5c4714bf6/go.mod h1:9M3feuE+5ejAuAlhz8P6JypLGmCf6JMYVKp7ORsCfWA=
