github.com/AaronO/go-git-http v0.0.0-20161214145340-1d9485b3a98f/go.mod h1:+6Yuq73F9068Na+mSBNXCvyuxvgw4f/g5ii40e3U8Sc=
github.com/cznic/mathutil v0.0.0-20181122101859-297441e03548 h1:iwZdTE0PVqJCos1vaoKsclOGD3ADKpshg3SRtYBbwso=
github.com/cznic/mathutil v0.0.0-20181122101859-297441e03548/go.mod h1:e6NPNENfs9mPDVNRekM7lKScauxd5kXTr1Mfyig6TDM=
github.com/go-sql-driver/mysql v1.5.0 h1:ozyZYNQW3x3HtqT1jira07DN2PArx2v7/mN66gGcHOs=
github.com/go-sql-driver/mysql v1.5.0/go.mod h1:DCzpHaOWr8IXmIStZouvnhqoel9Qv2LBy8hT2VhHyBg=
github.com/konsorten/go-windows-terminal-sequences v1.0.2 h1:DB17ag19krx9CFsz4o3enTrPXyIXCl+2iCXH/aMAp9s=
github.com/konsorten/go-windows-terminal-sequences v1.0.2/go.mod h1:T0+1ngSBFLxvqU3pZ+m/2kptfBszLMUkC4ZK/EgS/cQ=
github.com/remyoudompheng/bigfft v0.0.0-20190728182440-6a916e37a237 h1:HQagqIiBmr8YXawX/le3+O26N+vPPC1PtjaF3mwnook=
github.com/remyoudompheng/bigfft v0.0.0-20190728182440-6a916e37a237/go.mod h1:qqbHyh8v60DhA7CoWK5oRCqLrMHRGoxYCSS9EjAz6Eo=
golang.org/x/crypto v0.0.0-20190308221718-c2843e01d9a2/go.mod h1:djNgcEr1/C05ACkg1iLfiJU5Ep61QUkGW8qpdssI0+w=
golang.org/x/net v0.0.0-20200301022130-244492dfa37a h1:GuSPYbZzB5/dcLNCwLQLsg3obCJtX9IJhpXkvY7kzk0=
golang.org/x/net v0.0.0-20200301022130-244492dfa37a/go.mod h1:z5CRVTTTmAJ677TzLLGU+0bjPO0LkuOLi4/5GtJWs/s=
golang.org/x/sys v0.0.0-20190215142949-d0b11bdaac8a/go.mod h1:STP8DvDyc/dI5b8T5hshtkjS+E42TnysNCUPdjciGhY=
golang.org/x/text v0.3.0/go.mod h1:NqM8EUOU14njkJ3fqMW+pc6Ldnwhi/IjpwHt7yyuwOQ=
ztaylor.me/cast v0.0.10 h1:vOFs8jFN/aPPL5VzQRhouWajs32sXrMKhLPpJcKEfxs=
ztaylor.me/cast v0.0.10/go.mod h1:p8ZQLnJl3eztST7dVCtbgRUbmxBzgNLW7pPFYTtwTEE=
ztaylor.me/db v0.0.9 h1:5y1WaFMxFekwTSccdc4M0qYFKc0/Rc6IIMZ1MUoOTUs=
ztaylor.me/db v0.0.9/go.mod h1:WEYS7bd7peEBj3fV2yVg4hgvpUaHDyvwv2yPjggbZLg=
ztaylor.me/env v0.0.0 h1:IsP131IIm0N0Jyl9v4tlpEEc2DALdlskjSqwHx9TcFg=
ztaylor.me/env v0.0.0/go.mod h1:vtM3k89yjEvOoZBoplhurPCEQXqzePJo2sWniru1YFg=
ztaylor.me/events v0.0.0 h1:evxdNvbtj6zXaOiHhvYg6NSPRErLL9urhM4l+N1UrKU=
ztaylor.me/events v0.0.0/go.mod h1:bcyOsxGGI+ipSXEFB6HZYbLny0vloEKOC0Zj/ekv5qk=
ztaylor.me/http v0.0.11 h1:HqaVcmqxLnGIvHdsE6RN026ox0loRrcrOwsgH+oOKm4=
ztaylor.me/http v0.0.11/go.mod h1:BY7x4DMQzBm5k7FjKuyNPQvR1AOj0cYr1pXOYSRylyk=
ztaylor.me/keygen v0.0.5 h1:/ylLa3GUriZQS1GbFYppZkrZjTrTjP6/qRSwFXHBNyI=
ztaylor.me/keygen v0.0.5/go.mod h1:AtPZYUCfXVhnNLoPnb+O5FI5VfRCm5ph67tZdNwjhBU=
ztaylor.me/log v0.0.8 h1:0xd3TJCR64CJsz45wol3d1iZWWRT8srkKKV8lrxew1M=
ztaylor.me/log v0.0.8/go.mod h1:Mp2F3tyEWcb+vot48HGlvBjMw4jis48APzMGuU9Wc3A=
